{
  "lockfileVersion": 1,
  "workspaces": {
    "": {
      "name": "nufi-owner-exec",
      "dependencies": {
        "hono": "4.13.9",
      },
    },
  },
  "packages": {
    "hono": ["hono@4.13.9", "", {}, "sha512-7dMkQmZoC4E6F7AtaQSPhlWAdnBti+j7rreMZl8QB4jFiEhP9TWbGWUMi8WYzBCgmgulxuvLQupKqo+Co6Omyg=="],
  }
}
